version = 1
revision = 3
requires-python = ">=3.12"

[[package]]
name = "adapter"
version = "0.1.0"
source = { editable = "." }
dependencies = [
    { name = "maturin" },
]

[package.metadata]
requires-dist = [{ name = "maturin", specifier = ">=1.15.0" }]

[[package]]
name = "maturin"
version = "1.15.0"
source = { registry = "https://pypi.org/simple" }
sdist = { url = "https://files.pythonhosted.org/packages/b9/c8/22e5e21b2679c9bce6415ca578034ca2cc9316be0642ae21e051a2d5198c/maturin-1.15.0.tar.gz", hash = "sha256:94b26cc8e8aba61a5f2099715fe640e18c5f678e9a500408b38761263954228a", size = 385504, upload-time = "2026-08-24T12:11:22.665Z" }
wheels = [
    { url = "https://files.pythonhosted.org/packages/14/69/5c01b461044eb1f45ddcce006706eb88110c793cdb11c7ae0b5e08492e94/maturin-1.15.0-py3-none-linux_armv6l.whl", hash = "sha256:6bf6dc62e22d4dcfd5a51244ff0d58975fa4979c48209fe84159617648956d82", size = 10206220, upload-time = "2026-08-24T12:10:53.327Z" },
    { url = "https://files.pythonhosted.org/packages/eb/1f/2b431554e11687cdb1077e0cdadcc118c53f611086b3af00c8545a67c6a5/maturin-1.15.0-py3-none-macosx_10_12_x86_64.macosx_11_0_arm64.macosx_10_12_universal2.whl", hash = "sha256:cd35772633f489841132bc8e71d6fc7f842df30b9c05cd5cdf1ee1ddcb744cc7", size = 19416513, upload-time = "2026-08-24T12:10:56.126Z" },
    { url = "https://files.pythonhosted.org/packages/51/36/e23a21cb34a648b711036b9b2fe1d4f3f4ee24f8db54215d73f1a9a3a3ec/maturin-1.15.0-py3-none-macosx_10_12_x86_64.whl", hash = "sha256:c40b4eae7bf5ef1f4b1af8d623fe4105016f93578fb15b764e741d08ec3b92dd", size = 10014962, upload-time = "2026-08-24T12:10:58.486Z" },
    { url = "https://files.pythonhosted.org/packages/8c/80/33b15cb2d8f30f12c807955e8f2fd775027692904e30ec0784744ce8cd83/maturin-1.15.0-py3-none-manylinux_2_12_i686.manylinux2010_i686.musllinux_1_1_i686.whl", hash = "sha256:7eb066372f541f8eb4909c79c5d9bd0b9e8125980bdf1ec9e8aba23c6c8d6c55", size = 10196223, upload-time = "2026-08-24T12:11:00.696Z" },
    { url = "https://files.pythonhosted.org/packages/fe/91/b495e19e2f5c503b540452b2039115e7b2363867e8c5ad4179eb752fa92c/maturin-1.15.0-py3-none-manylinux_2_12_x86_64.manylinux2010_x86_64.musllinux_1_1_x86_64.whl", hash = "sha256:653020a63525bb224e5ab0adf02e17a2e08bc86dbea7fc1399c9a56d7529b99e", size = 10541186, upload-time = "2026-08-24T12:11:02.857Z" },
    { url = "https://files.pythonhosted.org/packages/5d/2b/2abff58037188d852b124871b1f0d720e1c2bfb3d4f1b03d87c52cd66488/maturin-1.15.0-py3-none-manylinux_2_17_aarch64.manylinux2014_aarch64.musllinux_1_1_aarch64.whl", hash = "sha256:0ebf9767892725083138e671c34482c660317a2f3d6a29fc0e0f34e9d8c99136", size = 10083468, upload-time = "2026-08-24T12:11:05.012Z" },
    { url = "https://files.pythonhosted.org/packages/3f/07/b7e9f8be99a6627849e81ac7b6694876bce8f50a92995fe17e3cf2610f0a/maturin-1.15.0-py3-none-manylinux_2_17_armv7l.manylinux2014_armv7l.musllinux_1_1_armv7l.whl", hash = "sha256:7ab7eebffd7b8debca2265985de4eaeb332141276d24b9560b5ad484d4b3add1", size = 10047786, upload-time = "2026-08-24T12:11:07.042Z" },
    { url = "https://files.pythonhosted.org/packages/ca/ab/167e3cb7accee11b507dbe53e0e87aeccb376d44ae66284c96ee4df3a9fd/maturin-1.15.0-py3-none-manylinux_2_17_ppc64le.manylinux2014_ppc64le.musllinux_1_1_ppc64le.whl", hash = "sha256:126e12e618b4db42f68c779a56d41f82a390145ba36ac3f621d057eb34f5ad9d", size = 13315332, upload-time = "2026-08-24T12:11:09.433Z" },
    { url = "https://files.pythonhosted.org/packages/14/4d/801379f646cbc6b00998e5289b0630a886be3a4ee4c75b6bc9b87478a7f1/maturin-1.15.0-py3-none-manylinux_2_17_s390x.manylinux2014_s390x.whl", hash = "sha256:4f9d33e6c3f9615c8caceecbbbd440f8eb25a3ddeb687077682cd5eca2e9ae15", size = 10807183, upload-time = "2026-08-24T12:11:11.73Z" },
    { url = "https://files.pythonhosted.org/packages/89/27/2e612e1cbd1580e9e94d4722c227b5180dca27b32b955a34b79918aa1292/maturin-1.15.0-py3-none-manylinux_2_31_riscv64.musllinux_1_1_riscv64.whl", hash = "sha256:bf29beddd0c6708f112db51d5275fc28b28b9e9c9c5faae387eaef662918b176", size = 10413274, upload-time = "2026-08-24T12:11:14.04Z" },
    { url = "https://files.pythonhosted.org/packages/70/d8/202a7b4d75a51f20f84ec9ce3b7345b12b822207072164e2b1c6ef665125/maturin-1.15.0-py3-none-win32.whl", hash = "sha256:da649988be98e87e009e51b1bf0d301b6a301bc0cecbdd60d40d8ba60748d1ca", size = 8928744, upload-time = "2026-08-24T12:11:16.269Z" },
    { url = "https://files.pythonhosted.org/packages/40/dc/4e90da594986ba78dd3bc8a5921ecdcdb11085b22b02a412caab3b225601/maturin-1.15.0-py3-none-win_amd64.whl", hash = "sha256:552c2be4afd43fe8d5c9f3ec8d4c4756d973b8dcbe94c14084390301f50243e1", size = 10335085, upload-time = "2026-08-24T12:11:18.326Z" },
    { url = "https://files.pythonhosted.org/packages/8b/10/15d4314edf130955edf2dc237aa393a8a7c10f2b9b57b89fa2f61f915659/maturin-1.15.0-py3-none-win_arm64.whl", hash = "sha256:c7dc0c66c78d3debdd9c5aa807e861fbcbf07f3505d34b125df74c03986b0f48", size = 9713795, upload-time = "2026-08-24T12:11:20.83Z" },
]
